
Microsoft Visual Studio Solution File, Format Version 12.00
# Visual Studio Version 17
VisualStudioVersion = 17.4.33110.190
MinimumVisualStudioVersion = 10.0.40219.1
Project("{FAE04EC0-301F-11D3-BF4B-00C04F79EFBC}") = "tc-yabanci_birlesik", "tc-yabanci_birlesik\tc-yabanci_birlesik.csproj", "{C751A17E-9EFD-422F-A7EA-D33CEB4B0A59}"
EndProject
Global
	GlobalSection(SolutionConfigurationPlatforms) = preSolution
		Debug|Any CPU = Debug|Any CPU
		Release|Any CPU = Release|Any CPU
	EndGlobalSection
	GlobalSection(ProjectConfigurationPlatforms) = postSolution
		{C751A17E-9EFD-422F-A7EA-D33CEB4B0A59}.Debug|Any CPU.ActiveCfg = Debug|Any CPU
		{C751A17E-9EFD-422F-A7EA-D33CEB4B0A59}.Debug|Any CPU.Build.0 = Debug|Any CPU
		{C751A17E-9EFD-422F-A7EA-D33CEB4B0A59}.Release|Any CPU.ActiveCfg = Release|Any CPU
		{C751A17E-9EFD-422F-A7EA-D33CEB4B0A59}.Release|Any CPU.Build.0 = Release|Any CPU
	EndGlobalSection
	GlobalSection(SolutionProperties) = preSolution
		HideSolutionNode = FALSE
	EndGlobalSection
	GlobalSection(ExtensibilityGlobals) = postSolution
		SolutionGuid = {25214617-59BD-43FE-AB4B-72B4809E35DA}
	EndGlobalSection
EndGlobal
